<?xml version="1.0" encoding="utf-8"?>
<Project ToolsVersion="4.0" xmlns="http://schemas.microsoft.com/developer/msbuild/2003">
  <ItemGroup>
    <Filter Include="소스 파일">
      <UniqueIdentifier>{4FC737F1-C7A5-4376-A066-2A32D752A2FF}</UniqueIdentifier>
      <Extensions>cpp;c;cc;cxx;c++;cppm;ixx;def;odl;idl;hpj;bat;asm;asmx</Extensions>
    </Filter>
    <Filter Include="헤더 파일">
      <UniqueIdentifier>{93995380-89BD-4b04-88EB-625FBE52EBFB}</UniqueIdentifier>
      <Extensions>h;hh;hpp;hxx;h++;hm;inl;inc;ipp;xsd</Extensions>
    </Filter>
    <Filter Include="리소스 파일">
      <UniqueIdentifier>{67DA6AB6-F800-4c08-8B7A-83BB121AAD01}</UniqueIdentifier>
      <Extensions>rc;ico;cur;bmp;dlg;rc2;rct;bin;rgs;gif;jpg;jpeg;jpe;resx;tiff;tif;png;wav;mfcribbon-ms</Extensions>
    </Filter>
    <Filter Include="소스 파일\day1">
      <UniqueIdentifier>{7b5b7b86-e558-497f-a90e-c3bb4a33dc45}</UniqueIdentifier>
    </Filter>
    <Filter Include="소스 파일\day2">
      <UniqueIdentifier>{1ecbbb9d-740a-494f-b032-6bbcec882def}</UniqueIdentifier>
    </Filter>
    <Filter Include="소스 파일\day3">
      <UniqueIdentifier>{d3b0c2ca-fbf4-469c-b508-0945c5cf33e3}</UniqueIdentifier>
    </Filter>
    <Filter Include="소스 파일\day4">
      <UniqueIdentifier>{a4b9ea7e-7b2c-48cd-afdf-da7afd318df3}</UniqueIdentifier>
    </Filter>
    <Filter Include="소스 파일\day5">
      <UniqueIdentifier>{3f76309d-8f04-49b9-b016-377d218df7bf}</UniqueIdentifier>
    </Filter>
    <Filter Include="소스 파일\day6">
      <UniqueIdentifier>{aa31ffc1-73bf-414a-a7a4-b8c6d8d02055}</UniqueIdentifier>
    </Filter>
    <Filter Include="소스 파일\day7">
      <UniqueIdentifier>{b9d514f4-7f5f-48da-b8d8-fc35a6c46b38}</UniqueIdentifier>
    </Filter>
    <Filter Include="소스 파일\day8">
      <UniqueIdentifier>{57f8f002-afae-4f95-b689-45ad80d344de}</UniqueIdentifier>
    </Filter>
    <Filter Include="소스 파일\day9">
      <UniqueIdentifier>{7f887528-45fc-4359-943b-6beb53adf4cd}</UniqueIdentifier>
    </Filter>
  </ItemGroup>
  <ItemGroup>
    <ClCompile Include="hello.c">
      <Filter>소스 파일\day1</Filter>
    </ClCompile>
    <ClCompile Include="기본구조.c">
      <Filter>소스 파일\day2</Filter>
    </ClCompile>
    <ClCompile Include="영어다이아몬드.c">
      <Filter>소스 파일\day2</Filter>
    </ClCompile>
    <ClCompile Include="변수.c">
      <Filter>소스 파일\day2</Filter>
    </ClCompile>
    <ClCompile Include="변수의 출력.c">
      <Filter>소스 파일\day2</Filter>
    </ClCompile>
    <ClCompile Include="자료형.c">
      <Filter>소스 파일\day3</Filter>
    </ClCompile>
    <ClCompile Include="아스키코드.c">
      <Filter>소스 파일\day3</Filter>
    </ClCompile>
    <ClCompile Include="상수.c">
      <Filter>소스 파일\day3</Filter>
    </ClCompile>
    <ClCompile Include="언사인드.c">
      <Filter>소스 파일\day4</Filter>
    </ClCompile>
    <ClCompile Include="자료형의 변환.c">
      <Filter>소스 파일\day4</Filter>
    </ClCompile>
    <ClCompile Include="형식문자.c">
      <Filter>소스 파일\day4</Filter>
    </ClCompile>
    <ClCompile Include="증감연산자.c">
      <Filter>소스 파일\day5</Filter>
    </ClCompile>
    <ClCompile Include="scanf.c">
      <Filter>소스 파일\day5</Filter>
    </ClCompile>
    <ClCompile Include="대입연산자.c">
      <Filter>소스 파일\day5</Filter>
    </ClCompile>
    <ClCompile Include="비교연산자.c">
      <Filter>소스 파일\day5</Filter>
    </ClCompile>
    <ClCompile Include="산술연산자.c">
      <Filter>소스 파일\day5</Filter>
    </ClCompile>
    <ClCompile Include="연산자 우선순위.c">
      <Filter>소스 파일\day6</Filter>
    </ClCompile>
    <ClCompile Include="짱구의 기말고사.c">
      <Filter>소스 파일\day6</Filter>
    </ClCompile>
    <ClCompile Include="논리연산자.c">
      <Filter>소스 파일\day6</Filter>
    </ClCompile>
    <ClCompile Include="삼항조건연산자.c">
      <Filter>소스 파일\day6</Filter>
    </ClCompile>
    <ClCompile Include="비트단위연산자.c">
      <Filter>소스 파일\day6</Filter>
    </ClCompile>
    <ClCompile Include="시프트연산자.c">
      <Filter>소스 파일\day7</Filter>
    </ClCompile>
    <ClCompile Include="지하철요금문제.c">
      <Filter>소스 파일\day7</Filter>
    </ClCompile>
    <ClCompile Include="if.c">
      <Filter>소스 파일\day7</Filter>
    </ClCompile>
    <ClCompile Include="elseif.c">
      <Filter>소스 파일\day7</Filter>
    </ClCompile>
    <ClCompile Include="중첩if문.c">
      <Filter>소스 파일\day7</Filter>
    </ClCompile>
    <ClCompile Include="배송비중첩if문.c">
      <Filter>소스 파일\day8</Filter>
    </ClCompile>
    <ClCompile Include="switch.c">
      <Filter>소스 파일\day8</Filter>
    </ClCompile>
    <ClCompile Include="switch계산기.c">
      <Filter>소스 파일\day8</Filter>
    </ClCompile>
    <ClCompile Include="반복문while문.c">
      <Filter>소스 파일\day8</Filter>
    </ClCompile>
    <ClCompile Include="while 문제.c">
      <Filter>소스 파일\day9</Filter>
    </ClCompile>
    <ClCompile Include="do while.c">
      <Filter>소스 파일\day9</Filter>
    </ClCompile>
    <ClCompile Include="for문.c">
      <Filter>소스 파일\day9</Filter>
    </ClCompile>
    <ClCompile Include="무한루프.c">
      <Filter>소스 파일\day9</Filter>
    </ClCompile>
    <ClCompile Include="break문.c">
      <Filter>소스 파일\day9</Filter>
    </ClCompile>
    <ClCompile Include="continue문.c">
      <Filter>소스 파일\day9</Filter>
    </ClCompile>
    <ClCompile Include="중첩for문.c">
      <Filter>소스 파일\day9</Filter>
    </ClCompile>
  </ItemGroup>
</Project>